{
  "version": "3",
  "packages": {
    "specifiers": {
      "npm:@types/node": "npm:@types/node@18.16.19"
    },
    "npm": {
      "@types/node@18.16.19": {
        "integrity": "sha512-IXl7o+R9iti9eBW4Wg2hx1xQDig183jj7YLn8F7udNceyfkbn1ZxmzZXuak20gR40D7pIkIY1kYGx5VIGbaHKA==",
        "dependencies": {}
      }
    }
  },
  "remote": {
    "https://deno.land/std@0.221.0/assert/_constants.ts": "a271e8ef5a573f1df8e822a6eb9d09df064ad66a4390f21b3e31f820a38e0975",
    "https://deno.land/std@0.221.0/assert/_diff.ts": "4bf42969aa8b1a33aaf23eb8e478b011bfaa31b82d85d2ff4b5c4662d8780d2b",
    "https://deno.land/std@0.221.0/assert/_format.ts": "0ba808961bf678437fb486b56405b6fefad2cf87b5809667c781ddee8c32aff4",
    "https://deno.land/std@0.221.0/assert/assert_equals.ts": "4497c56fe7d2993b0d447926702802fc0becb44e319079e8eca39b482ee01b4e",
    "https://deno.land/std@0.221.0/assert/assert_false.ts": "6f382568e5128c0f855e5f7dbda8624c1ed9af4fcc33ef4a9afeeedcdce99769",
    "https://deno.land/std@0.221.0/assert/assert_instance_of.ts": "72dc1faff1e248692d873c89382fa1579dd7b53b56d52f37f9874a75b11ba444",
    "https://deno.land/std@0.221.0/assert/assert_is_error.ts": "6596f2b5ba89ba2fe9b074f75e9318cda97a2381e59d476812e30077fbdb6ed2",
    "https://deno.land/std@0.221.0/assert/assert_match.ts": "ec2d9680ed3e7b9746ec57ec923a17eef6d476202f339ad91d22277d7f1d16e1",
    "https://deno.land/std@0.221.0/assert/assert_not_instance_of.ts": "8f720d92d83775c40b2542a8d76c60c2d4aeddaf8713c8d11df8984af2604931",
    "https://deno.land/std@0.221.0/assert/assert_not_match.ts": "b4b7c77f146963e2b673c1ce4846473703409eb93f5ab0eb60f6e6f8aeffe39f",
    "https://deno.land/std@0.221.0/assert/assert_not_strict_equals.ts": "da0b8ab60a45d5a9371088378e5313f624799470c3b54c76e8b8abeec40a77be",
    "https://deno.land/std@0.221.0/assert/assert_object_match.ts": "e85e5eef62a56ce364c3afdd27978ccab979288a3e772e6855c270a7b118fa49",
    "https://deno.land/std@0.221.0/assert/assert_rejects.ts": "5206ac37d883797d9504e3915a0c7b692df6efcdefff3889cc14bb5a325641dd",
    "https://deno.land/std@0.221.0/assert/assert_strict_equals.ts": "0425a98f70badccb151644c902384c12771a93e65f8ff610244b8147b03a2366",
    "https://deno.land/std@0.221.0/assert/assertion_error.ts": "9f689a101ee586c4ce92f52fa7ddd362e86434ffdf1f848e45987dc7689976b8",
    "https://deno.land/std@0.221.0/assert/equal.ts": "fae5e8a52a11d3ac694bbe1a53e13a7969e3f60791262312e91a3e741ae519e2",
    "https://deno.land/std@0.221.0/expect/_assert_equals.ts": "08a5ba74c1c7ca51c4c2c33158509746c560777ad3cb8996a55d85a8d57c351c",
    "https://deno.land/std@0.221.0/expect/_assert_not_equals.ts": "f8c56aafbc12b2d49bb5e1478f02a3ae8a6fd884eff18ccbc899a94829eb1510",
    "https://deno.land/std@0.221.0/expect/_asymmetric_matchers.ts": "bf2385fc9a943f0600f7870c8dfcbfd0ab5d633fe3c45b84339016e0d8069ac4",
    "https://deno.land/std@0.221.0/expect/_build_message.ts": "bef41b72d68c5f11c4bea867c118f7c4ca94ed0d1c00e601ed58ee08c857b534",
    "https://deno.land/std@0.221.0/expect/_constants.ts": "751a014c4b803ad21287529d55d213d8b5eb34d203cca9509e4c9b84ced440a8",
    "https://deno.land/std@0.221.0/expect/_custom_equality_tester.ts": "9426916863d2b740ae3ec74e2de5f2ec79d36bb1a62bdd5965a9b9543c8ee46d",
    "https://deno.land/std@0.221.0/expect/_diff.ts": "4bf42969aa8b1a33aaf23eb8e478b011bfaa31b82d85d2ff4b5c4662d8780d2b",
    "https://deno.land/std@0.221.0/expect/_equal.ts": "f2d4f3a10f91cd6c21deefc8facdbc9e6f07a828e68b8e50049a33f8a4c3c6d4",
    "https://deno.land/std@0.221.0/expect/_extend.ts": "ac8ab93dbe66bb2d0d356409e84e9b884babbc404c8a8d63be73509055ed16be",
    "https://deno.land/std@0.221.0/expect/_format.ts": "e456ee08d8255b34b8ff126be2d40adf3bbf695a7e2d82d0a9cd7bb223e40ddb",
    "https://deno.land/std@0.221.0/expect/_inspect_args.ts": "6cc9b3809e6f9671b35d0305d1ed7cc340b00b0455731b0b47b6c2ae707f8f27",
    "https://deno.land/std@0.221.0/expect/_matchers.ts": "a14db5f034dbf6f783481c4f2675e8adbeedcf6dbc7f8e914cf2a32a4fd84686",
    "https://deno.land/std@0.221.0/expect/_mock_util.ts": "7e79e07eb869ff71b96601ac76807c745465bd3c5a3df622abf44c28a0c4ca8c",
    "https://deno.land/std@0.221.0/expect/_types.ts": "2ca1780e46377cc10c886b96a9f796df5a82f08e545273729fdc2083a916357f",
    "https://deno.land/std@0.221.0/expect/_utils.ts": "fc45069227d1c5a04f642b9224f060017eb02923159a4848d79a7a3fcef53c55",
    "https://deno.land/std@0.221.0/expect/expect.ts": "cd4312c30a9291c25f737628edcee67493454ec35ddccd20b46ba89c0df0d6c3",
    "https://deno.land/std@0.221.0/expect/fn.ts": "3b11d35a8d276c553a3a40df5da6ac21f207aa671a2143370b2f728449b1df22",
    "https://deno.land/std@0.221.0/expect/mod.ts": "dc79508c6f554d70ef087fdb726d09add7a48f5e612aabc2d951e5cc69c4529a",
    "https://deno.land/std@0.221.0/fmt/colors.ts": "d239d84620b921ea520125d778947881f62c50e78deef2657073840b8af9559a",
    "https://deno.land/std@0.221.0/testing/_test_suite.ts": "f10a8a6338b60c403f07a76f3f46bdc9f1e1a820c0a1decddeb2949f7a8a0546",
    "https://deno.land/std@0.221.0/testing/bdd.ts": "7a8ac58eded80e6fefa7cf7538927e88781cf5f247c04b35261c3213316e2dd0",
    "https://deno.land/std@0.221.0/testing/mock.ts": "a963181c2860b6ba3eb60e08b62c164d33cf5da7cd445893499b2efda20074db",
    "https://deno.land/x/type_detect@v4.0.8/index.js": "6d9b21a4a917fe748b61102f2026b3af6b9a22b8ce8ac0d87466c815112ccd41",
    "https://esm.sh/table@6.8.2": "54fb03bac677e0eabda0ad14466cb874f8ffc735754c3218a90bbc9235ccdfa0",
    "https://esm.sh/v135/ajv@8.12.0/denonext/dist/runtime/equal.js": "373ae1c5ba304c25e3ef88a3e67fd6aebc97b6e60b735e00a37fb8e4c8478e13",
    "https://esm.sh/v135/ansi-regex@5.0.1/denonext/ansi-regex.mjs": "738d194ad7037256cfcd3f87d3716d28096261492d163395badfbdab3f72ce15",
    "https://esm.sh/v135/ansi-styles@4.3.0/denonext/ansi-styles.mjs": "5e269cb888accec3df1a52a2f5d448e300215c7f00f32d71ce115b1b0a798efe",
    "https://esm.sh/v135/astral-regex@2.0.0/denonext/astral-regex.mjs": "8238a2aa456297210a6710b687c802724070516b4ac0be03f0fc8330d2387833",
    "https://esm.sh/v135/color-convert@2.0.1/denonext/color-convert.mjs": "61e7d3f8718d2307965807a20f7287f0ca4ff31e99d8e713d1ae214d668e34a2",
    "https://esm.sh/v135/color-name@1.1.4/denonext/color-name.mjs": "88abd3b0b19ef92d342221b38dc51760a4bab4540308c2dcb9db3c2cc68e5986",
    "https://esm.sh/v135/emoji-regex@8.0.0/denonext/emoji-regex.mjs": "da8ce329dbc5d6fab22dc15280b7f53836043511ca208246f376e0808d98c656",
    "https://esm.sh/v135/fast-deep-equal@3.1.3/denonext/fast-deep-equal.mjs": "6313b3e05436550e1c0aeb2a282206b9b8d9213b4c6f247964dd7bb4835fb9e5",
    "https://esm.sh/v135/is-fullwidth-code-point@3.0.0/denonext/is-fullwidth-code-point.mjs": "c499d96ea8ae837a9e8d2f64d39411eccb8f931e0fb802ae84b6edb731f5afbc",
    "https://esm.sh/v135/lodash.truncate@4.4.2/denonext/lodash.truncate.mjs": "104302edd834f1edd3b50de479ff941c7377f60c5c64273829d4974fa377d7f7",
    "https://esm.sh/v135/slice-ansi@4.0.0/denonext/slice-ansi.mjs": "d23662ca205440b092fbadd8c0bde64a2d35653b6d396c1819c29380ecbcbc40",
    "https://esm.sh/v135/string-width@4.2.3/denonext/string-width.mjs": "40509a7b83af8b6f1aad2b062a306e7716299641a80998765f6e336693f33025",
    "https://esm.sh/v135/strip-ansi@6.0.1/denonext/strip-ansi.mjs": "6430e395d970184a06d722bd7478778fefefe40c74bc74bb6ec17719c5d9db6b",
    "https://esm.sh/v135/table@6.8.2/denonext/table.mjs": "f5a28d47d1518510fc4a3f6f33a69ed0acf40e0dc0a502060ee032ac76c8aff2"
  }
}
